// !$*UTF8*$!
{
	archiveVersion = 1;
	classes = {
	};
	objectVersion = 77;
	objects = {

/* Begin PBXBuildFile section */
		15A884332EE3587E00AFBCF8 /* ManagedSettings.framework in Frameworks */ = {isa = PBXBuildFile; fileRef = 15A884322EE3587E00AFBCF8 /* ManagedSettings.framework */; };
		15A884352EE3587E00AFBCF8 /* ManagedSettingsUI.framework in Frameworks */ = {isa = PBXBuildFile; fileRef = 15A884342EE3587E00AFBCF8 /* ManagedSettingsUI.framework */; };
		15A8843D2EE3587E00AFBCF8 /* TermoDeBloqueioShieldConfiguration.appex in Embed Foundation Extensions */ = {isa = PBXBuildFile; fileRef = 15A884302EE3587E00AFBCF8 /* TermoDeBloqueioShieldConfiguration.appex */; settings = {ATTRIBUTES = (RemoveHeadersOnCopy, ); }; };
		15A884482EE3589500AFBCF8 /* ManagedSettings.framework in Frameworks */ = {isa = PBXBuildFile; fileRef = 15A884322EE3587E00AFBCF8 /* ManagedSettings.framework */; };
		15A884502EE3589500AFBCF8 /* TermoDeBloqueioShieldAction.appex in Embed Foundation Extensions */ = {isa = PBXBuildFile; fileRef = 15A884472EE3589500AFBCF8 /* TermoDeBloqueioShieldAction.appex */; settings = {ATTRIBUTES = (RemoveHeadersOnCopy, ); }; };
/* End PBXBuildFile section */

/* Begin PBXContainerItemProxy section */
		15A8843B2EE3587E00AFBCF8 /* PBXContainerItemProxy */ = {
			isa = PBXContainerItemProxy;
			containerPortal = 154666662EDE1B18005FF466 /* Project object */;
			proxyType = 1;
			remoteGlobalIDString = 15A8842F2EE3587E00AFBCF8;
			remoteInfo = TermoDeBloqueioShieldConfiguration;
		};
		15A8844E2EE3589500AFBCF8 /* PBXContainerItemProxy */ = {
			isa = PBXContainerItemProxy;
			containerPortal = 154666662EDE1B18005FF466 /* Project object */;
			proxyType = 1;
			remoteGlobalIDString = 15A884462EE3589500AFBCF8;
			remoteInfo = TermoDeBloqueioShieldAction;
		};
/* End PBXContainerItemProxy section */

/* Begin PBXCopyFilesBuildPhase section */
		15A884422EE3587E00AFBCF8 /* Embed Foundation Extensions */ = {
			isa = PBXCopyFilesBuildPhase;
			buildActionMask = 2147483647;
			dstPath = "";
			dstSubfolderSpec = 13;
			files = (
				15A884502EE3589500AFBCF8 /* TermoDeBloqueioShieldAction.appex in Embed Foundation Extensions */,
				15A8843D2EE3587E00AFBCF8 /* TermoDeBloqueioShieldConfiguration.appex in Embed Foundation Extensions */,
			);
			name = "Embed Foundation Extensions";
			runOnlyForDeploymentPostprocessing = 0;
		};
/* End PBXCopyFilesBuildPhase section */

/* Begin PBXFileReference section */
		1546666E2EDE1B18005FF466 /* TermoDeBloqueio.app */ = {isa = PBXFileReference; explicitFileType = wrapper.application; includeInIndex = 0; path = TermoDeBloqueio.app; sourceTree = BUILT_PRODUCTS_DIR; };
		15A884302EE3587E00AFBCF8 /* TermoDeBloqueioShieldConfiguration.appex */ = {isa = PBXFileReference; explicitFileType = "wrapper.app-extension"; includeInIndex = 0; path = TermoDeBloqueioShieldConfiguration.appex; sourceTree = BUILT_PRODUCTS_DIR; };
		15A884322EE3587E00AFBCF8 /* ManagedSettings.framework */ = {isa = PBXFileReference; lastKnownFileType = wrapper.framework; name = ManagedSettings.framework; path = System/Library/Frameworks/ManagedSettings.framework; sourceTree = SDKROOT; };
		15A884342EE3587E00AFBCF8 /* ManagedSettingsUI.framework */ = {isa = PBXFileReference; lastKnownFileType = wrapper.framework; name = ManagedSettingsUI.framework; path = System/Library/Frameworks/ManagedSettingsUI.framework; sourceTree = SDKROOT; };
		15A884472EE3589500AFBCF8 /* TermoDeBloqueioShieldAction.appex */ = {isa = PBXFileReference; explicitFileType = "wrapper.app-extension"; includeInIndex = 0; path = TermoDeBloqueioShieldAction.appex; sourceTree = BUILT_PRODUCTS_DIR; };
/* End PBXFileReference section */

/* Begin PBXFileSystemSynchronizedBuildFileExceptionSet section */
		15A8843E2EE3587E00AFBCF8 /* Exceptions for "TermoDeBloqueioShieldConfiguration" folder in "TermoDeBloqueioShieldConfiguration" target */ = {
			isa = PBXFileSystemSynchronizedBuildFileExceptionSet;
			membershipExceptions = (
				Info.plist,
			);
			target = 15A8842F2EE3587E00AFBCF8 /* TermoDeBloqueioShieldConfiguration */;
		};
		15A884512EE3589500AFBCF8 /* Exceptions for "TermoDeBloqueioShieldAction" folder in "TermoDeBloqueioShieldAction" target */ = {
			isa = PBXFileSystemSynchronizedBuildFileExceptionSet;
			membershipExceptions = (
				Info.plist,
			);
			target = 15A884462EE3589500AFBCF8 /* TermoDeBloqueioShieldAction */;
		};
		15A884582EE3598D00AFBCF8 /* Exceptions for "TermoDeBloqueio" folder in "TermoDeBloqueio" target */ = {
			isa = PBXFileSystemSynchronizedBuildFileExceptionSet;
			membershipExceptions = (
				Info.plist,
			);
			target = 1546666D2EDE1B18005FF466 /* TermoDeBloqueio */;
		};
/* End PBXFileSystemSynchronizedBuildFileExceptionSet section */

/* Begin PBXFileSystemSynchronizedRootGroup section */
		154666702EDE1B18005FF466 /* TermoDeBloqueio */ = {
			isa = PBXFileSystemSynchronizedRootGroup;
			exceptions = (
				15A884582EE3598D00AFBCF8 /* Exceptions for "TermoDeBloqueio" folder in "TermoDeBloqueio" target */,
			);
			path = TermoDeBloqueio;
			sourceTree = "<group>";
		};
		15A884362EE3587E00AFBCF8 /* TermoDeBloqueioShieldConfiguration */ = {
			isa = PBXFileSystemSynchronizedRootGroup;
			exceptions = (
				15A8843E2EE3587E00AFBCF8 /* Exceptions for "TermoDeBloqueioShieldConfiguration" folder in "TermoDeBloqueioShieldConfiguration" target */,
			);
			path = TermoDeBloqueioShieldConfiguration;
			sourceTree = "<group>";
		};
		15A884492EE3589500AFBCF8 /* TermoDeBloqueioShieldAction */ = {
			isa = PBXFileSystemSynchronizedRootGroup;
			exceptions = (
				15A884512EE3589500AFBCF8 /* Exceptions for "TermoDeBloqueioShieldAction" folder in "TermoDeBloqueioShieldAction" target */,
			);
			path = TermoDeBloqueioShieldAction;
			sourceTree = "<group>";
		};
/* End PBXFileSystemSynchronizedRootGroup section */

/* Begin PBXFrameworksBuildPhase section */
		1546666B2EDE1B18005FF466 /* Frameworks */ = {
			isa = PBXFrameworksBuildPhase;
			buildActionMask = 2147483647;
			files = (
			);
			runOnlyForDeploymentPostprocessing = 0;
		};
		15A8842D2EE3587E00AFBCF8 /* Frameworks */ = {
			isa = PBXFrameworksBuildPhase;
			buildActionMask = 2147483647;
			files = (
				15A884332EE3587E00AFBCF8 /* ManagedSettings.framework in Frameworks */,
				15A884352EE3587E00AFBCF8 /* ManagedSettingsUI.framework in Frameworks */,
			);
			runOnlyForDeploymentPostprocessing = 0;
		};
		15A884442EE3589500AFBCF8 /* Frameworks */ = {
			isa = PBXFrameworksBuildPhase;
			buildActionMask = 2147483647;
			files = (
				15A884482EE3589500AFBCF8 /* ManagedSettings.framework in Frameworks */,
			);
			runOnlyForDeploymentPostprocessing = 0;
		};
/* End PBXFrameworksBuildPhase section */

/* Begin PBXGroup section */
		154666652EDE1B18005FF466 = {
			isa = PBXGroup;
			children = (
				154666702EDE1B18005FF466 /* TermoDeBloqueio */,
				15A884362EE3587E00AFBCF8 /* TermoDeBloqueioShieldConfiguration */,
				15A884492EE3589500AFBCF8 /* TermoDeBloqueioShieldAction */,
				15A884312EE3587E00AFBCF8 /* Frameworks */,
				1546666F2EDE1B18005FF466 /* Products */,
			);
			sourceTree = "<group>";
		};
		1546666F2EDE1B18005FF466 /* Products */ = {
			isa = PBXGroup;
			children = (
				1546666E2EDE1B18005FF466 /* TermoDeBloqueio.app */,
				15A884302EE3587E00AFBCF8 /* TermoDeBloqueioShieldConfiguration.appex */,
				15A884472EE3589500AFBCF8 /* TermoDeBloqueioShieldAction.appex */,
			);
			name = Products;
			sourceTree = "<group>";
		};
		15A884312EE3587E00AFBCF8 /* Frameworks */ = {
			isa = PBXGroup;
			children = (
				15A884322EE3587E00AFBCF8 /* ManagedSettings.framework */,
				15A884342EE3587E00AFBCF8 /* ManagedSettingsUI.framework */,
			);
			name = Frameworks;
			sourceTree = "<group>";
		};
/* End PBXGroup section */

/* Begin PBXNativeTarget section */
		1546666D2EDE1B18005FF466 /* TermoDeBloqueio */ = {
			isa = PBXNativeTarget;
			buildConfigurationList = 154666792EDE1B1A005FF466 /* Build configuration list for PBXNativeTarget "TermoDeBloqueio" */;
			buildPhases = (
				1546666A2EDE1B18005FF466 /* Sources */,
				1546666B2EDE1B18005FF466 /* Frameworks */,
				1546666C2EDE1B18005FF466 /* Resources */,
				15A884422EE3587E00AFBCF8 /* Embed Foundation Extensions */,
			);
			buildRules = (
			);
			dependencies = (
				15A8843C2EE3587E00AFBCF8 /* PBXTargetDependency */,
				15A8844F2EE3589500AFBCF8 /* PBXTargetDependency */,
			);
			fileSystemSynchronizedGroups = (
				154666702EDE1B18005FF466 /* TermoDeBloqueio */,
			);
			name = TermoDeBloqueio;
			packageProductDependencies = (
			);
			productName = TermoDeBloqueio;
			productReference = 1546666E2EDE1B18005FF466 /* TermoDeBloqueio.app */;
			productType = "com.apple.product-type.application";
		};
		15A8842F2EE3587E00AFBCF8 /* TermoDeBloqueioShieldConfiguration */ = {
			isa = PBXNativeTarget;
			buildConfigurationList = 15A8843F2EE3587E00AFBCF8 /* Build configuration list for PBXNativeTarget "TermoDeBloqueioShieldConfiguration" */;
			buildPhases = (
				15A8842C2EE3587E00AFBCF8 /* Sources */,
				15A8842D2EE3587E00AFBCF8 /* Frameworks */,
				15A8842E2EE3587E00AFBCF8 /* Resources */,
			);
			buildRules = (
			);
			dependencies = (
			);
			fileSystemSynchronizedGroups = (
				15A884362EE3587E00AFBCF8 /* TermoDeBloqueioShieldConfiguration */,
			);
			name = TermoDeBloqueioShieldConfiguration;
			packageProductDependencies = (
			);
			productName = TermoDeBloqueioShieldConfiguration;
			productReference = 15A884302EE3587E00AFBCF8 /* TermoDeBloqueioShieldConfiguration.appex */;
			productType = "com.apple.product-type.app-extension";
		};
		15A884462EE3589500AFBCF8 /* TermoDeBloqueioShieldAction */ = {
			isa = PBXNativeTarget;
			buildConfigurationList = 15A884522EE3589500AFBCF8 /* Build configuration list for PBXNativeTarget "TermoDeBloqueioShieldAction" */;
			buildPhases = (
				15A884432EE3589500AFBCF8 /* Sources */,
				15A884442EE3589500AFBCF8 /* Frameworks */,
				15A884452EE3589500AFBCF8 /* Resources */,
			);
			buildRules = (
			);
			dependencies = (
			);
			fileSystemSynchronizedGroups = (
				15A884492EE3589500AFBCF8 /* TermoDeBloqueioShieldAction */,
			);
			name = TermoDeBloqueioShieldAction;
			packageProductDependencies = (
			);
			productName = TermoDeBloqueioShieldAction;
			productReference = 15A884472EE3589500AFBCF8 /* TermoDeBloqueioShieldAction.appex */;
			productType = "com.apple.product-type.app-extension";
		};
/* End PBXNativeTarget section */

/* Begin PBXProject section */
		154666662EDE1B18005FF466 /* Project object */ = {
			isa = PBXProject;
			attributes = {
				BuildIndependentTargetsInParallel = 1;
				LastSwiftUpdateCheck = 2610;
				LastUpgradeCheck = 2610;
				TargetAttributes = {
					1546666D2EDE1B18005FF466 = {
						CreatedOnToolsVersion = 26.1.1;
					};
					15A8842F2EE3587E00AFBCF8 = {
						CreatedOnToolsVersion = 26.1.1;
					};
					15A884462EE3589500AFBCF8 = {
						CreatedOnToolsVersion = 26.1.1;
					};
				};
			};
			buildConfigurationList = 154666692EDE1B18005FF466 /* Build configuration list for PBXProject "TermoDeBloqueio" */;
			developmentRegion = en;
			hasScannedForEncodings = 0;
			knownRegions = (
				en,
				Base,
			);
			mainGroup = 154666652EDE1B18005FF466;
			minimizedProjectReferenceProxies = 1;
			preferredProjectObjectVersion = 77;
			productRefGroup = 1546666F2EDE1B18005FF466 /* Products */;
			projectDirPath = "";
			projectRoot = "";
			targets = (
				1546666D2EDE1B18005FF466 /* TermoDeBloqueio */,
				15A8842F2EE3587E00AFBCF8 /* TermoDeBloqueioShieldConfiguration */,
				15A884462EE3589500AFBCF8 /* TermoDeBloqueioShieldAction */,
			);
		};
/* End PBXProject section */

/* Begin PBXResourcesBuildPhase section */
		1546666C2EDE1B18005FF466 /* Resources */ = {
			isa = PBXResourcesBuildPhase;
			buildActionMask = 2147483647;
			files = (
			);
			runOnlyForDeploymentPostprocessing = 0;
		};
		15A8842E2EE3587E00AFBCF8 /* Resources */ = {
			isa = PBXResourcesBuildPhase;
			buildActionMask = 2147483647;
			files = (
			);
			runOnlyForDeploymentPostprocessing = 0;
		};
		15A884452EE3589500AFBCF8 /* Resources */ = {
			isa = PBXResourcesBuildPhase;
			buildActionMask = 2147483647;
			files = (
			);
			runOnlyForDeploymentPostprocessing = 0;
		};
/* End PBXResourcesBuildPhase section */

/* Begin PBXSourcesBuildPhase section */
		1546666A2EDE1B18005FF466 /* Sources */ = {
			isa = PBXSourcesBuildPhase;
			buildActionMask = 2147483647;
			files = (
			);
			runOnlyForDeploymentPostprocessing = 0;
		};
		15A8842C2EE3587E00AFBCF8 /* Sources */ = {
			isa = PBXSourcesBuildPhase;
			buildActionMask = 2147483647;
			files = (
			);
			runOnlyForDeploymentPostprocessing = 0;
		};
		15A884432EE3589500AFBCF8 /* Sources */ = {
			isa = PBXSourcesBuildPhase;
			buildActionMask = 2147483647;
			files = (
			);
			runOnlyForDeploymentPostprocessing = 0;
		};
/* End PBXSourcesBuildPhase section */

/* Begin PBXTargetDependency section */
		15A8843C2EE3587E00AFBCF8 /* PBXTargetDependency */ = {
			isa = PBXTargetDependency;
			target = 15A8842F2EE3587E00AFBCF8 /* TermoDeBloqueioShieldConfiguration */;
			targetProxy = 15A8843B2EE3587E00AFBCF8 /* PBXContainerItemProxy */;
		};
		15A8844F2EE3589500AFBCF8 /* PBXTargetDependency */ = {
			isa = PBXTargetDependency;
			target = 15A884462EE3589500AFBCF8 /* TermoDeBloqueioShieldAction */;
			targetProxy = 15A8844E2EE3589500AFBCF8 /* PBXContainerItemProxy */;
		};
/* End PBXTargetDependency section */

/* Begin XCBuildConfiguration section */
		154666772EDE1B1A005FF466 /* Debug */ = {
			isa = XCBuildConfiguration;
			buildSettings = {
				ALWAYS_SEARCH_USER_PATHS = NO;
				ASSETCATALOG_COMPILER_GENERATE_SWIFT_ASSET_SYMBOL_EXTENSIONS = YES;
				CLANG_ANALYZER_NONNULL = YES;
				CLANG_ANALYZER_NUMBER_OBJECT_CONVERSION = YES_AGGRESSIVE;
				CLANG_CXX_LANGUAGE_STANDARD = "gnu++20";
				CLANG_ENABLE_MODULES = YES;
				CLANG_ENABLE_OBJC_ARC = YES;
				CLANG_ENABLE_OBJC_WEAK = YES;
				CLANG_WARN_BLOCK_CAPTURE_AUTORELEASING = YES;
				CLANG_WARN_BOOL_CONVERSION = YES;
				CLANG_WARN_COMMA = YES;
				CLANG_WARN_CONSTANT_CONVERSION = YES;
				CLANG_WARN_DEPRECATED_OBJC_IMPLEMENTATIONS = YES;
				CLANG_WARN_DIRECT_OBJC_ISA_USAGE = YES_ERROR;
				CLANG_WARN_DOCUMENTATION_COMMENTS = YES;
				CLANG_WARN_EMPTY_BODY = YES;
				CLANG_WARN_ENUM_CONVERSION = YES;
				CLANG_WARN_INFINITE_RECURSION = YES;
				CLANG_WARN_INT_CONVERSION = YES;
				CLANG_WARN_NON_LITERAL_NULL_CONVERSION = YES;
				CLANG_WARN_OBJC_IMPLICIT_RETAIN_SELF = YES;
				CLANG_WARN_OBJC_LITERAL_CONVERSION = YES;
				CLANG_WARN_OBJC_ROOT_CLASS = YES_ERROR;
				CLANG_WARN_QUOTED_INCLUDE_IN_FRAMEWORK_HEADER = YES;
				CLANG_WARN_RANGE_LOOP_ANALYSIS = YES;
				CLANG_WARN_STRICT_PROTOTYPES = YES;
				CLANG_WARN_SUSPICIOUS_MOVE = YES;
				CLANG_WARN_UNGUARDED_AVAILABILITY = YES_AGGRESSIVE;
				CLANG_WARN_UNREACHABLE_CODE = YES;
				CLANG_WARN__DUPLICATE_METHOD_MATCH = YES;
				COPY_PHASE_STRIP = NO;
				DEBUG_INFORMATION_FORMAT = dwarf;
				DEVELOPMENT_TEAM = 982D3NRR89;
				ENABLE_STRICT_OBJC_MSGSEND = YES;
				ENABLE_TESTABILITY = YES;
				ENABLE_USER_SCRIPT_SANDBOXING = YES;
				GCC_C_LANGUAGE_STANDARD = gnu17;
				GCC_DYNAMIC_NO_PIC = NO;
				GCC_NO_COMMON_BLOCKS = YES;
				GCC_OPTIMIZATION_LEVEL = 0;
				GCC_PREPROCESSOR_DEFINITIONS = (
					"DEBUG=1",
					"$(inherited)",
				);
				GCC_WARN_64_TO_32_BIT_CONVERSION = YES;
				GCC_WARN_ABOUT_RETURN_TYPE = YES_ERROR;
				GCC_WARN_UNDECLARED_SELECTOR = YES;
				GCC_WARN_UNINITIALIZED_AUTOS = YES_AGGRESSIVE;
				GCC_WARN_UNUSED_FUNCTION = YES;
				GCC_WARN_UNUSED_VARIABLE = YES;
				IPHONEOS_DEPLOYMENT_TARGET = 26.1;
				LOCALIZATION_PREFERS_STRING_CATALOGS = YES;
				MTL_ENABLE_DEBUG_INFO = INCLUDE_SOURCE;
				MTL_FAST_MATH = YES;
				ONLY_ACTIVE_ARCH = YES;
				SDKROOT = iphoneos;
				SWIFT_ACTIVE_COMPILATION_CONDITIONS = "DEBUG $(inherited)";
				SWIFT_OPTIMIZATION_LEVEL = "-Onone";
			};
			name = Debug;
		};
		154666782EDE1B1A005FF466 /* Release */ = {
			isa = XCBuildConfiguration;
			buildSettings = {
				ALWAYS_SEARCH_USER_PATHS = NO;
				ASSETCATALOG_COMPILER_GENERATE_SWIFT_ASSET_SYMBOL_EXTENSIONS = YES;
				CLANG_ANALYZER_NONNULL = YES;
				CLANG_ANALYZER_NUMBER_OBJECT_CONVERSION = YES_AGGRESSIVE;
				CLANG_CXX_LANGUAGE_STANDARD = "gnu++20";
				CLANG_ENABLE_MODULES = YES;
				CLANG_ENABLE_OBJC_ARC = YES;
				CLANG_ENABLE_OBJC_WEAK = YES;
				CLANG_WARN_BLOCK_CAPTURE_AUTORELEASING = YES;
				CLANG_WARN_BOOL_CONVERSION = YES;
				CLANG_WARN_COMMA = YES;
				CLANG_WARN_CONSTANT_CONVERSION = YES;
				CLANG_WARN_DEPRECATED_OBJC_IMPLEMENTATIONS = YES;
				CLANG_WARN_DIRECT_OBJC_ISA_USAGE = YES_ERROR;
				CLANG_WARN_DOCUMENTATION_COMMENTS = YES;
				CLANG_WARN_EMPTY_BODY = YES;
				CLANG_WARN_ENUM_CONVERSION = YES;
				CLANG_WARN_INFINITE_RECURSION = YES;
				CLANG_WARN_INT_CONVERSION = YES;
				CLANG_WARN_NON_LITERAL_NULL_CONVERSION = YES;
				CLANG_WARN_OBJC_IMPLICIT_RETAIN_SELF = YES;
				CLANG_WARN_OBJC_LITERAL_CONVERSION = YES;
				CLANG_WARN_OBJC_ROOT_CLASS = YES_ERROR;
				CLANG_WARN_QUOTED_INCLUDE_IN_FRAMEWORK_HEADER = YES;
				CLANG_WARN_RANGE_LOOP_ANALYSIS = YES;
				CLANG_WARN_STRICT_PROTOTYPES = YES;
				CLANG_WARN_SUSPICIOUS_MOVE = YES;
				CLANG_WARN_UNGUARDED_AVAILABILITY = YES_AGGRESSIVE;
				CLANG_WARN_UNREACHABLE_CODE = YES;
				CLANG_WARN__DUPLICATE_METHOD_MATCH = YES;
				COPY_PHASE_STRIP = NO;
				DEBUG_INFORMATION_FORMAT = "dwarf-with-dsym";
				DEVELOPMENT_TEAM = 982D3NRR89;
				ENABLE_NS_ASSERTIONS = NO;
				ENABLE_STRICT_OBJC_MSGSEND = YES;
				ENABLE_USER_SCRIPT_SANDBOXING = YES;
				GCC_C_LANGUAGE_STANDARD = gnu17;
				GCC_NO_COMMON_BLOCKS = YES;
				GCC_WARN_64_TO_32_BIT_CONVERSION = YES;
				GCC_WARN_ABOUT_RETURN_TYPE = YES_ERROR;
				GCC_WARN_UNDECLARED_SELECTOR = YES;
				GCC_WARN_UNINITIALIZED_AUTOS = YES_AGGRESSIVE;
				GCC_WARN_UNUSED_FUNCTION = YES;
				GCC_WARN_UNUSED_VARIABLE = YES;
				IPHONEOS_DEPLOYMENT_TARGET = 26.1;
				LOCALIZATION_PREFERS_STRING_CATALOGS = YES;
				MTL_ENABLE_DEBUG_INFO = NO;
				MTL_FAST_MATH = YES;
				SDKROOT = iphoneos;
				SWIFT_COMPILATION_MODE = wholemodule;
				VALIDATE_PRODUCT = YES;
			};
			name = Release;
		};
		1546667A2EDE1B1A005FF466 /* Debug */ = {
			isa = XCBuildConfiguration;
			buildSettings = {
				ASSETCATALOG_COMPILER_APPICON_NAME = AppIcon;
				ASSETCATALOG_COMPILER_GLOBAL_ACCENT_COLOR_NAME = AccentColor;
				CODE_SIGN_ENTITLEMENTS = TermoDeBloqueio/TermoDeBloqueio.entitlements;
				CODE_SIGN_STYLE = Automatic;
				CURRENT_PROJECT_VERSION = 1;
				DEVELOPMENT_TEAM = 982D3NRR89;
				ENABLE_PREVIEWS = YES;
				GENERATE_INFOPLIST_FILE = YES;
				INFOPLIST_FILE = TermoDeBloqueio/Info.plist;
				INFOPLIST_KEY_UIApplicationSceneManifest_Generation = YES;
				INFOPLIST_KEY_UIApplicationSupportsIndirectInputEvents = YES;
				INFOPLIST_KEY_UILaunchScreen_Generation = YES;
				INFOPLIST_KEY_UISupportedInterfaceOrientations_iPad = "UIInterfaceOrientationPortrait UIInterfaceOrientationPortraitUpsideDown UIInterfaceOrientationLandscapeLeft UIInterfaceOrientationLandscapeRight";
				INFOPLIST_KEY_UISupportedInterfaceOrientations_iPhone = "UIInterfaceOrientationPortrait UIInterfaceOrientationLandscapeLeft UIInterfaceOrientationLandscapeRight";
				IPHONEOS_DEPLOYMENT_TARGET = 17.6;
				LD_RUNPATH_SEARCH_PATHS = (
					"$(inherited)",
					"@executable_path/Frameworks",
				);
				MARKETING_VERSION = 1.0;
				PRODUCT_BUNDLE_IDENTIFIER = dalpra.TermoDeBloqueio;
				PRODUCT_NAME = "$(TARGET_NAME)";
				STRING_CATALOG_GENERATE_SYMBOLS = YES;
				SWIFT_APPROACHABLE_CONCURRENCY = YES;
				SWIFT_DEFAULT_ACTOR_ISOLATION = MainActor;
				SWIFT_EMIT_LOC_STRINGS = YES;
				SWIFT_UPCOMING_FEATURE_MEMBER_IMPORT_VISIBILITY = YES;
				SWIFT_VERSION = 5.0;
				TARGETED_DEVICE_FAMILY = "1,2";
			};
			name = Debug;
		};
		1546667B2EDE1B1A005FF466 /* Release */ = {
			isa = XCBuildConfiguration;
			buildSettings = {
				ASSETCATALOG_COMPILER_APPICON_NAME = AppIcon;
				ASSETCATALOG_COMPILER_GLOBAL_ACCENT_COLOR_NAME = AccentColor;
				CODE_SIGN_ENTITLEMENTS = TermoDeBloqueio/TermoDeBloqueio.entitlements;
				CODE_SIGN_STYLE = Automatic;
				CURRENT_PROJECT_VERSION = 1;
				DEVELOPMENT_TEAM = 982D3NRR89;
				ENABLE_PREVIEWS = YES;
				GENERATE_INFOPLIST_FILE = YES;
				INFOPLIST_FILE = TermoDeBloqueio/Info.plist;
				INFOPLIST_KEY_UIApplicationSceneManifest_Generation = YES;
				INFOPLIST_KEY_UIApplicationSupportsIndirectInputEvents = YES;
				INFOPLIST_KEY_UILaunchScreen_Generation = YES;
				INFOPLIST_KEY_UISupportedInterfaceOrientations_iPad = "UIInterfaceOrientationPortrait UIInterfaceOrientationPortraitUpsideDown UIInterfaceOrientationLandscapeLeft UIInterfaceOrientationLandscapeRight";
				INFOPLIST_KEY_UISupportedInterfaceOrientations_iPhone = "UIInterfaceOrientationPortrait UIInterfaceOrientationLandscapeLeft UIInterfaceOrientationLandscapeRight";
				IPHONEOS_DEPLOYMENT_TARGET = 17.6;
				LD_RUNPATH_SEARCH_PATHS = (
					"$(inherited)",
					"@executable_path/Frameworks",
				);
				MARKETING_VERSION = 1.0;
				PRODUCT_BUNDLE_IDENTIFIER = dalpra.TermoDeBloqueio;
				PRODUCT_NAME = "$(TARGET_NAME)";
				STRING_CATALOG_GENERATE_SYMBOLS = YES;
				SWIFT_APPROACHABLE_CONCURRENCY = YES;
				SWIFT_DEFAULT_ACTOR_ISOLATION = MainActor;
				SWIFT_EMIT_LOC_STRINGS = YES;
				SWIFT_UPCOMING_FEATURE_MEMBER_IMPORT_VISIBILITY = YES;
				SWIFT_VERSION = 5.0;
				TARGETED_DEVICE_FAMILY = "1,2";
			};
			name = Release;
		};
		15A884402EE3587E00AFBCF8 /* Debug */ = {
			isa = XCBuildConfiguration;
			buildSettings = {
				CODE_SIGN_ENTITLEMENTS = TermoDeBloqueioShieldConfiguration/TermoDeBloqueioShieldConfiguration.entitlements;
				CODE_SIGN_STYLE = Automatic;
				CURRENT_PROJECT_VERSION = 1;
				DEVELOPMENT_TEAM = 982D3NRR89;
				GENERATE_INFOPLIST_FILE = YES;
				INFOPLIST_FILE = TermoDeBloqueioShieldConfiguration/Info.plist;
				INFOPLIST_KEY_CFBundleDisplayName = TermoDeBloqueioShieldConfiguration;
				INFOPLIST_KEY_NSHumanReadableCopyright = "";
				LD_RUNPATH_SEARCH_PATHS = (
					"$(inherited)",
					"@executable_path/Frameworks",
					"@executable_path/../../Frameworks",
				);
				MARKETING_VERSION = 1.0;
				PRODUCT_BUNDLE_IDENTIFIER = dalpra.TermoDeBloqueio.TermoDeBloqueioShieldConfiguration;
				PRODUCT_NAME = "$(TARGET_NAME)";
				SKIP_INSTALL = YES;
				STRING_CATALOG_GENERATE_SYMBOLS = YES;
				SWIFT_APPROACHABLE_CONCURRENCY = YES;
				SWIFT_EMIT_LOC_STRINGS = YES;
				SWIFT_UPCOMING_FEATURE_MEMBER_IMPORT_VISIBILITY = YES;
				SWIFT_VERSION = 5.0;
				TARGETED_DEVICE_FAMILY = "1,2";
			};
			name = Debug;
		};
		15A884412EE3587E00AFBCF8 /* Release */ = {
			isa = XCBuildConfiguration;
			buildSettings = {
				CODE_SIGN_ENTITLEMENTS = TermoDeBloqueioShieldConfiguration/TermoDeBloqueioShieldConfiguration.entitlements;
				CODE_SIGN_STYLE = Automatic;
				CURRENT_PROJECT_VERSION = 1;
				DEVELOPMENT_TEAM = 982D3NRR89;
				GENERATE_INFOPLIST_FILE = YES;
				INFOPLIST_FILE = TermoDeBloqueioShieldConfiguration/Info.plist;
				INFOPLIST_KEY_CFBundleDisplayName = TermoDeBloqueioShieldConfiguration;
				INFOPLIST_KEY_NSHumanReadableCopyright = "";
				LD_RUNPATH_SEARCH_PATHS = (
					"$(inherited)",
					"@executable_path/Frameworks",
					"@executable_path/../../Frameworks",
				);
				MARKETING_VERSION = 1.0;
				PRODUCT_BUNDLE_IDENTIFIER = dalpra.TermoDeBloqueio.TermoDeBloqueioShieldConfiguration;
				PRODUCT_NAME = "$(TARGET_NAME)";
				SKIP_INSTALL = YES;
				STRING_CATALOG_GENERATE_SYMBOLS = YES;
				SWIFT_APPROACHABLE_CONCURRENCY = YES;
				SWIFT_EMIT_LOC_STRINGS = YES;
				SWIFT_UPCOMING_FEATURE_MEMBER_IMPORT_VISIBILITY = YES;
				SWIFT_VERSION = 5.0;
				TARGETED_DEVICE_FAMILY = "1,2";
			};
			name = Release;
		};
		15A884532EE3589500AFBCF8 /* Debug */ = {
			isa = XCBuildConfiguration;
			buildSettings = {
				CODE_SIGN_ENTITLEMENTS = TermoDeBloqueioShieldAction/TermoDeBloqueioShieldAction.entitlements;
				CODE_SIGN_STYLE = Automatic;
				CURRENT_PROJECT_VERSION = 1;
				DEVELOPMENT_TEAM = 982D3NRR89;
				GENERATE_INFOPLIST_FILE = YES;
				INFOPLIST_FILE = TermoDeBloqueioShieldAction/Info.plist;
				INFOPLIST_KEY_CFBundleDisplayName = TermoDeBloqueioShieldAction;
				INFOPLIST_KEY_NSHumanReadableCopyright = "";
				LD_RUNPATH_SEARCH_PATHS = (
					"$(inherited)",
					"@executable_path/Frameworks",
					"@executable_path/../../Frameworks",
				);
				MARKETING_VERSION = 1.0;
				PRODUCT_BUNDLE_IDENTIFIER = dalpra.TermoDeBloqueio.TermoDeBloqueioShieldAction;
				PRODUCT_NAME = "$(TARGET_NAME)";
				SKIP_INSTALL = YES;
				STRING_CATALOG_GENERATE_SYMBOLS = YES;
				SWIFT_APPROACHABLE_CONCURRENCY = YES;
				SWIFT_EMIT_LOC_STRINGS = YES;
				SWIFT_UPCOMING_FEATURE_MEMBER_IMPORT_VISIBILITY = YES;
				SWIFT_VERSION = 5.0;
				TARGETED_DEVICE_FAMILY = "1,2";
			};
			name = Debug;
		};
		15A884542EE3589500AFBCF8 /* Release */ = {
			isa = XCBuildConfiguration;
			buildSettings = {
				CODE_SIGN_ENTITLEMENTS = TermoDeBloqueioShieldAction/TermoDeBloqueioShieldAction.entitlements;
				CODE_SIGN_STYLE = Automatic;
				CURRENT_PROJECT_VERSION = 1;
				DEVELOPMENT_TEAM = 982D3NRR89;
				GENERATE_INFOPLIST_FILE = YES;
				INFOPLIST_FILE = TermoDeBloqueioShieldAction/Info.plist;
				INFOPLIST_KEY_CFBundleDisplayName = TermoDeBloqueioShieldAction;
				INFOPLIST_KEY_NSHumanReadableCopyright = "";
				LD_RUNPATH_SEARCH_PATHS = (
					"$(inherited)",
					"@executable_path/Frameworks",
					"@executable_path/../../Frameworks",
				);
				MARKETING_VERSION = 1.0;
				PRODUCT_BUNDLE_IDENTIFIER = dalpra.TermoDeBloqueio.TermoDeBloqueioShieldAction;
				PRODUCT_NAME = "$(TARGET_NAME)";
				SKIP_INSTALL = YES;
				STRING_CATALOG_GENERATE_SYMBOLS = YES;
				SWIFT_APPROACHABLE_CONCURRENCY = YES;
				SWIFT_EMIT_LOC_STRINGS = YES;
				SWIFT_UPCOMING_FEATURE_MEMBER_IMPORT_VISIBILITY = YES;
				SWIFT_VERSION = 5.0;
				TARGETED_DEVICE_FAMILY = "1,2";
			};
			name = Release;
		};
/* End XCBuildConfiguration section */

/* Begin XCConfigurationList section */
		154666692EDE1B18005FF466 /* Build configuration list for PBXProject "TermoDeBloqueio" */ = {
			isa = XCConfigurationList;
			buildConfigurations = (
				154666772EDE1B1A005FF466 /* Debug */,
				154666782EDE1B1A005FF466 /* Release */,
			);
			defaultConfigurationIsVisible = 0;
			defaultConfigurationName = Release;
		};
		154666792EDE1B1A005FF466 /* Build configuration list for PBXNativeTarget "TermoDeBloqueio" */ = {
			isa = XCConfigurationList;
			buildConfigurations = (
				1546667A2EDE1B1A005FF466 /* Debug */,
				1546667B2EDE1B1A005FF466 /* Release */,
			);
			defaultConfigurationIsVisible = 0;
			defaultConfigurationName = Release;
		};
		15A8843F2EE3587E00AFBCF8 /* Build configuration list for PBXNativeTarget "TermoDeBloqueioShieldConfiguration" */ = {
			isa = XCConfigurationList;
			buildConfigurations = (
				15A884402EE3587E00AFBCF8 /* Debug */,
				15A884412EE3587E00AFBCF8 /* Release */,
			);
			defaultConfigurationIsVisible = 0;
			defaultConfigurationName = Release;
		};
		15A884522EE3589500AFBCF8 /* Build configuration list for PBXNativeTarget "TermoDeBloqueioShieldAction" */ = {
			isa = XCConfigurationList;
			buildConfigurations = (
				15A884532EE3589500AFBCF8 /* Debug */,
				15A884542EE3589500AFBCF8 /* Release */,
			);
			defaultConfigurationIsVisible = 0;
			defaultConfigurationName = Release;
		};
/* End XCConfigurationList section */
	};
	rootObject = 154666662EDE1B18005FF466 /* Project object */;
}
